
Microsoft Visual Studio Solution File, Format Version 12.00
# Visual Studio 14
VisualStudioVersion = 14.0.23107.0
MinimumVisualStudioVersion = 10.0.40219.1
Project("{159641D6-6404-4A2A-AE62-294DE0FE8301}") = "Projeto_01", "Projeto_01\Projeto_01.dtproj", "{B91DFD39-9AFE-4C8A-A53C-017A41E30B27}"
EndProject
Global
	GlobalSection(SolutionConfigurationPlatforms) = preSolution
		Development|Default = Development|Default
	EndGlobalSection
	GlobalSection(ProjectConfigurationPlatforms) = postSolution
		{B91DFD39-9AFE-4C8A-A53C-017A41E30B27}.Development|Default.ActiveCfg = Development
		{B91DFD39-9AFE-4C8A-A53C-017A41E30B27}.Development|Default.Build.0 = Development
	EndGlobalSection
	GlobalSection(SolutionProperties) = preSolution
		HideSolutionNode = FALSE
	EndGlobalSection
EndGlobal
